
Microsoft Visual Studio Solution File, Format Version 12.00
# Visual Studio Version 17
VisualStudioVersion = 17.14.37516.0
MinimumVisualStudioVersion = 10.0.40219.1
Project("{2150E333-8FDC-42A3-9474-1A3956D46DE8}") = "1-Domain", "1-Domain", "{02EA681E-C7D8-13C7-8484-4AC65E1B71E8}"
EndProject
Project("{2150E333-8FDC-42A3-9474-1A3956D46DE8}") = "2-Infrastructure", "2-Infrastructure", "{053DFD13-E654-4024-AD22-753BAED3B7E9}"
EndProject
Project("{2150E333-8FDC-42A3-9474-1A3956D46DE8}") = "3-Repositories", "3-Repositories", "{646B64CF-7D36-4212-89CA-2209DFC22127}"
EndProject
Project("{2150E333-8FDC-42A3-9474-1A3956D46DE8}") = "4-Application", "4-Application", "{5A2B7E3A-E7CB-497A-8D8B-00D05335DD17}"
EndProject
Project("{2150E333-8FDC-42A3-9474-1A3956D46DE8}") = "5-Presentation", "5-Presentation", "{8244BDC5-67DA-498F-AF8E-CB8B657ECC20}"
EndProject
Project("{FAE04EC0-301F-11D3-BF4B-00C04F79EFBC}") = "InspectionCenter.Domain", "InspectionCenter.Domain\InspectionCenter.Domain.csproj", "{853520A4-AB89-4CE5-9331-551FEC278830}"
EndProject
Project("{FAE04EC0-301F-11D3-BF4B-00C04F79EFBC}") = "InspectionCenter.Infrastructure", "InspectionCenter.Infrastructure\InspectionCenter.Infrastructure.csproj", "{63D80BBA-8325-4A6B-AFAC-5C20C6847103}"
EndProject
Project("{FAE04EC0-301F-11D3-BF4B-00C04F79EFBC}") = "InspectionCenter.Repositories", "InspectionCenter.Repositories\InspectionCenter.Repositories.csproj", "{C0197673-D7A8-4321-A3FB-55EA8D86213D}"
EndProject
Project("{FAE04EC0-301F-11D3-BF4B-00C04F79EFBC}") = "InspectionCenter.Application", "InspectionCenter.Application\InspectionCenter.Application.csproj", "{7952799E-FD80-45A9-869D-1AB06C32EF7C}"
EndProject
Project("{FAE04EC0-301F-11D3-BF4B-00C04F79EFBC}") = "InspectionCenter.Presentation", "InspectionCenter.Presentation\InspectionCenter.Presentation.csproj", "{4B402EC5-41DA-4738-A1D0-13AEAABAC333}"
EndProject
Project("{FAE04EC0-301F-11D3-BF4B-00C04F79EFBC}") = "WebLayer", "WebLayer\WebLayer.csproj", "{3B312606-7D00-4EDA-8556-F6AD1A6D9C27}"
EndProject
Project("{FAE04EC0-301F-11D3-BF4B-00C04F79EFBC}") = "InspectionProjMVC", "InspectionProjMVC\InspectionProjMVC.csproj", "{8A674884-4730-4F69-9C12-9844AB8D3CAD}"
EndProject
Global
	GlobalSection(SolutionConfigurationPlatforms) = preSolution
		Debug|Any CPU = Debug|Any CPU
		Release|Any CPU = Release|Any CPU
	EndGlobalSection
	GlobalSection(ProjectConfigurationPlatforms) = postSolution
		{853520A4-AB89-4CE5-9331-551FEC278830}.Debug|Any CPU.ActiveCfg = Debug|Any CPU
		{853520A4-AB89-4CE5-9331-551FEC278830}.Debug|Any CPU.Build.0 = Debug|Any CPU
		{853520A4-AB89-4CE5-9331-551FEC278830}.Release|Any CPU.ActiveCfg = Release|Any CPU
		{853520A4-AB89-4CE5-9331-551FEC278830}.Release|Any CPU.Build.0 = Release|Any CPU
		{63D80BBA-8325-4A6B-AFAC-5C20C6847103}.Debug|Any CPU.ActiveCfg = Debug|Any CPU
		{63D80BBA-8325-4A6B-AFAC-5C20C6847103}.Debug|Any CPU.Build.0 = Debug|Any CPU
		{63D80BBA-8325-4A6B-AFAC-5C20C6847103}.Release|Any CPU.ActiveCfg = Release|Any CPU
		{63D80BBA-8325-4A6B-AFAC-5C20C6847103}.Release|Any CPU.Build.0 = Release|Any CPU
		{C0197673-D7A8-4321-A3FB-55EA8D86213D}.Debug|Any CPU.ActiveCfg = Debug|Any CPU
		{C0197673-D7A8-4321-A3FB-55EA8D86213D}.Debug|Any CPU.Build.0 = Debug|Any CPU
		{C0197673-D7A8-4321-A3FB-55EA8D86213D}.Release|Any CPU.ActiveCfg = Release|Any CPU
		{C0197673-D7A8-4321-A3FB-55EA8D86213D}.Release|Any CPU.Build.0 = Release|Any CPU
		{7952799E-FD80-45A9-869D-1AB06C32EF7C}.Debug|Any CPU.ActiveCfg = Debug|Any CPU
		{7952799E-FD80-45A9-869D-1AB06C32EF7C}.Debug|Any CPU.Build.0 = Debug|Any CPU
		{7952799E-FD80-45A9-869D-1AB06C32EF7C}.Release|Any CPU.ActiveCfg = Release|Any CPU
		{7952799E-FD80-45A9-869D-1AB06C32EF7C}.Release|Any CPU.Build.0 = Release|Any CPU
		{4B402EC5-41DA-4738-A1D0-13AEAABAC333}.Debug|Any CPU.ActiveCfg = Debug|Any CPU
		{4B402EC5-41DA-4738-A1D0-13AEAABAC333}.Debug|Any CPU.Build.0 = Debug|Any CPU
		{4B402EC5-41DA-4738-A1D0-13AEAABAC333}.Release|Any CPU.ActiveCfg = Release|Any CPU
		{4B402EC5-41DA-4738-A1D0-13AEAABAC333}.Release|Any CPU.Build.0 = Release|Any CPU
		{3B312606-7D00-4EDA-8556-F6AD1A6D9C27}.Debug|Any CPU.ActiveCfg = Debug|Any CPU
		{3B312606-7D00-4EDA-8556-F6AD1A6D9C27}.Debug|Any CPU.Build.0 = Debug|Any CPU
		{3B312606-7D00-4EDA-8556-F6AD1A6D9C27}.Release|Any CPU.ActiveCfg = Release|Any CPU
		{3B312606-7D00-4EDA-8556-F6AD1A6D9C27}.Release|Any CPU.Build.0 = Release|Any CPU
		{8A674884-4730-4F69-9C12-9844AB8D3CAD}.Debug|Any CPU.ActiveCfg = Debug|Any CPU
		{8A674884-4730-4F69-9C12-9844AB8D3CAD}.Debug|Any CPU.Build.0 = Debug|Any CPU
		{8A674884-4730-4F69-9C12-9844AB8D3CAD}.Release|Any CPU.ActiveCfg = Release|Any CPU
		{8A674884-4730-4F69-9C12-9844AB8D3CAD}.Release|Any CPU.Build.0 = Release|Any CPU
	EndGlobalSection
	GlobalSection(SolutionProperties) = preSolution
		HideSolutionNode = FALSE
	EndGlobalSection
	GlobalSection(NestedProjects) = preSolution
		{853520A4-AB89-4CE5-9331-551FEC278830} = {02EA681E-C7D8-13C7-8484-4AC65E1B71E8}
		{63D80BBA-8325-4A6B-AFAC-5C20C6847103} = {053DFD13-E654-4024-AD22-753BAED3B7E9}
		{C0197673-D7A8-4321-A3FB-55EA8D86213D} = {646B64CF-7D36-4212-89CA-2209DFC22127}
		{7952799E-FD80-45A9-869D-1AB06C32EF7C} = {5A2B7E3A-E7CB-497A-8D8B-00D05335DD17}
		{4B402EC5-41DA-4738-A1D0-13AEAABAC333} = {8244BDC5-67DA-498F-AF8E-CB8B657ECC20}
		{3B312606-7D00-4EDA-8556-F6AD1A6D9C27} = {8244BDC5-67DA-498F-AF8E-CB8B657ECC20}
		{8A674884-4730-4F69-9C12-9844AB8D3CAD} = {8244BDC5-67DA-498F-AF8E-CB8B657ECC20}
	EndGlobalSection
	GlobalSection(ExtensibilityGlobals) = postSolution
		SolutionGuid = {16027B59-78BA-481D-A31F-4449140C79D0}
	EndGlobalSection
EndGlobal
